{
  "originHash" : "bdcff02f82208dd38a82e58beedb05a61d7435d299024c2647bd8beff23e64f5",
  "pins" : [
    {
      "identity" : "factory",
      "kind" : "remoteSourceControl",
      "location" : "https://github.com/hmlongco/Factory.git",
      "state" : {
        "revision" : "ccc898f21992ebc130bc04cc197460a5ae230bcf",
        "version" : "2.5.3"
      }
    },
    {
      "identity" : "suicoordinator",
      "kind" : "remoteSourceControl",
      "location" : "https://github.com/felilo/SUICoordinator.git",
      "state" : {
        "revision" : "9f5a6f697f042b00172fb4d29ed145dac96e5c53",
        "version" : "1.0.0"
      }
    },
    {
      "identity" : "swiftgenplugin",
      "kind" : "remoteSourceControl",
      "location" : "https://github.com/SwiftGen/SwiftGenPlugin",
      "state" : {
        "revision" : "879b85a470cacd70c19e22eb7e11a3aed66f4068",
        "version" : "6.6.2"
      }
    },
    {
      "identity" : "swiftlintplugins",
      "kind" : "remoteSourceControl",
      "location" : "https://github.com/SimplyDanny/SwiftLintPlugins",
      "state" : {
        "revision" : "8a4640d14777685ba8f14e832373160498fbab92",
        "version" : "0.63.2"
      }
    }
  ],
  "version" : 3
}
