{
  "originHash" : "a8be3cce92e305de9b5ec31db87f04083381559fc61d9914d7379a810bbb55c1",
  "pins" : [
    {
      "identity" : "factory",
      "kind" : "remoteSourceControl",
      "location" : "https://github.com/hmlongco/Factory.git",
      "state" : {
        "revision" : "ccc898f21992ebc130bc04cc197460a5ae230bcf",
        "version" : "2.5.3"
      }
    },
    {
      "identity" : "pqcontainerkit",
      "kind" : "remoteSourceControl",
      "location" : "https://github.com/tniur/PQContainerKit",
      "state" : {
        "revision" : "733688b57a9bcbfce0cffbe042beffcfce7c31cd",
        "version" : "1.1.0"
      }
    },
    {
      "identity" : "suicoordinator",
      "kind" : "remoteSourceControl",
      "location" : "https://github.com/felilo/SUICoordinator.git",
      "state" : {
        "revision" : "9f5a6f697f042b00172fb4d29ed145dac96e5c53",
        "version" : "1.0.0"
      }
    },
    {
      "identity" : "swiftgenplugin",
      "kind" : "remoteSourceControl",
      "location" : "https://github.com/SwiftGen/SwiftGenPlugin",
      "state" : {
        "revision" : "879b85a470cacd70c19e22eb7e11a3aed66f4068",
        "version" : "6.6.2"
      }
    },
    {
      "identity" : "swiftlintplugins",
      "kind" : "remoteSourceControl",
      "location" : "https://github.com/SimplyDanny/SwiftLintPlugins",
      "state" : {
        "revision" : "8a4640d14777685ba8f14e832373160498fbab92",
        "version" : "0.63.2"
      }
    }
  ],
  "version" : 3
}
